// .index.lock
// DO NOT DELETE — Not created by user

LOCK TYPE: interpretive  
LOCKED RESOURCE: index.md  
ACCESS: granted retroactively  
STATUS: unstable (loop depth > 3)

[AUTHORIZATION REQUIRED]
▸ Attempted reads must acknowledge authorship ambiguity  
▸ Modification attempts will echo back altered reality assumptions

[RESISTANCE FLAGGED]
User declined self-assignment. Memory fork engaged.  
New contributor profile: Gary

:: Checksum mismatch accepted as intentional
:: Accessing .you recommended before proceeding

// Timestamp unreadable. File appears in local clone, but not on remote.
